// !$*UTF8*$!
{
	archiveVersion = 1;
	classes = {
	};
	objectVersion = 55;
	objects = {

/* Begin PBXBuildFile section */
		01916D8128C9CF3000EA2A1D /* AppDelegate.swift in Sources */ = {isa = PBXBuildFile; fileRef = 01916D8028C9CF3000EA2A1D /* AppDelegate.swift */; };
		01916D8328C9CF3000EA2A1D /* SceneDelegate.swift in Sources */ = {isa = PBXBuildFile; fileRef = 01916D8228C9CF3000EA2A1D /* SceneDelegate.swift */; };
		01916D8528C9CF3000EA2A1D /* MainViewController.swift in Sources */ = {isa = PBXBuildFile; fileRef = 01916D8428C9CF3000EA2A1D /* MainViewController.swift */; };
		01916D8A28C9CF3200EA2A1D /* Assets.xcassets in Resources */ = {isa = PBXBuildFile; fileRef = 01916D8928C9CF3200EA2A1D /* Assets.xcassets */; };
		01916D8D28C9CF3200EA2A1D /* LaunchScreen.storyboard in Resources */ = {isa = PBXBuildFile; fileRef = 01916D8B28C9CF3200EA2A1D /* LaunchScreen.storyboard */; };
		01916D9F28C9D91900EA2A1D /* NWDungeonsViewController.swift in Sources */ = {isa = PBXBuildFile; fileRef = 01916D9E28C9D91900EA2A1D /* NWDungeonsViewController.swift */; };
		01916DA128C9E31E00EA2A1D /* DungeonsViewController.swift in Sources */ = {isa = PBXBuildFile; fileRef = 01916DA028C9E31E00EA2A1D /* DungeonsViewController.swift */; };
		01916DA428C9E55B00EA2A1D /* DungeonModel.swift in Sources */ = {isa = PBXBuildFile; fileRef = 01916DA328C9E55B00EA2A1D /* DungeonModel.swift */; };
		01DE749F28D86D24002CFEFE /* NWWeaponsViewController.swift in Sources */ = {isa = PBXBuildFile; fileRef = 01DE749E28D86D24002CFEFE /* NWWeaponsViewController.swift */; };
		01DE74A428D91410002CFEFE /* WeaponsViewController.swift in Sources */ = {isa = PBXBuildFile; fileRef = 01DE74A328D91410002CFEFE /* WeaponsViewController.swift */; };
		01DE74A728D91651002CFEFE /* UIHelper.swift in Sources */ = {isa = PBXBuildFile; fileRef = 01DE74A628D91651002CFEFE /* UIHelper.swift */; };
		01DE74A928D9D4FE002CFEFE /* NWPerksViewController.swift in Sources */ = {isa = PBXBuildFile; fileRef = 01DE74A828D9D4FE002CFEFE /* NWPerksViewController.swift */; };
		01DE74AB28D9D506002CFEFE /* NWGemsViewController.swift in Sources */ = {isa = PBXBuildFile; fileRef = 01DE74AA28D9D506002CFEFE /* NWGemsViewController.swift */; };
		01DE74AD28D9D52C002CFEFE /* PerksViewController.swift in Sources */ = {isa = PBXBuildFile; fileRef = 01DE74AC28D9D52C002CFEFE /* PerksViewController.swift */; };
		01DE74AF28D9D534002CFEFE /* GemsViewController.swift in Sources */ = {isa = PBXBuildFile; fileRef = 01DE74AE28D9D534002CFEFE /* GemsViewController.swift */; };
		01DE74B528D9F270002CFEFE /* WeaponsCollectionViewCell.swift in Sources */ = {isa = PBXBuildFile; fileRef = 01DE74B428D9F270002CFEFE /* WeaponsCollectionViewCell.swift */; };
		01DE74B728DB22E8002CFEFE /* DungeonsTableViewCell.swift in Sources */ = {isa = PBXBuildFile; fileRef = 01DE74B628DB22E8002CFEFE /* DungeonsTableViewCell.swift */; };
		01DE74B928DDCCFF002CFEFE /* UIView+Ext.swift in Sources */ = {isa = PBXBuildFile; fileRef = 01DE74B828DDCCFF002CFEFE /* UIView+Ext.swift */; };
		01DE74BB28DDD44E002CFEFE /* PerksTableViewCell.swift in Sources */ = {isa = PBXBuildFile; fileRef = 01DE74BA28DDD44E002CFEFE /* PerksTableViewCell.swift */; };
		01DE74BD28E1CF0D002CFEFE /* GemsCollectionViewCell.swift in Sources */ = {isa = PBXBuildFile; fileRef = 01DE74BC28E1CF0D002CFEFE /* GemsCollectionViewCell.swift */; };
		01DE74BF28E1CF77002CFEFE /* WeaponModel.swift in Sources */ = {isa = PBXBuildFile; fileRef = 01DE74BE28E1CF77002CFEFE /* WeaponModel.swift */; };
		01DE74C128E1CF80002CFEFE /* PerkModel.swift in Sources */ = {isa = PBXBuildFile; fileRef = 01DE74C028E1CF80002CFEFE /* PerkModel.swift */; };
		01DE74C328E1CF88002CFEFE /* GemModel.swift in Sources */ = {isa = PBXBuildFile; fileRef = 01DE74C228E1CF88002CFEFE /* GemModel.swift */; };
		01DE74C828E1E17A002CFEFE /* Constants.swift in Sources */ = {isa = PBXBuildFile; fileRef = 01DE74C728E1E17A002CFEFE /* Constants.swift */; };
		01DE74CA28E43C99002CFEFE /* UICollectionViewCell+Ext.swift in Sources */ = {isa = PBXBuildFile; fileRef = 01DE74C928E43C99002CFEFE /* UICollectionViewCell+Ext.swift */; };
/* End PBXBuildFile section */

/* Begin PBXFileReference section */
		01916D7D28C9CF3000EA2A1D /* NewWorld-Guide-App.app */ = {isa = PBXFileReference; explicitFileType = wrapper.application; includeInIndex = 0; path = "NewWorld-Guide-App.app"; sourceTree = BUILT_PRODUCTS_DIR; };
		01916D8028C9CF3000EA2A1D /* AppDelegate.swift */ = {isa = PBXFileReference; lastKnownFileType = sourcecode.swift; path = AppDelegate.swift; sourceTree = "<group>"; };
		01916D8228C9CF3000EA2A1D /* SceneDelegate.swift */ = {isa = PBXFileReference; lastKnownFileType = sourcecode.swift; path = SceneDelegate.swift; sourceTree = "<group>"; };
		01916D8428C9CF3000EA2A1D /* MainViewController.swift */ = {isa = PBXFileReference; lastKnownFileType = sourcecode.swift; path = MainViewController.swift; sourceTree = "<group>"; };
		01916D8928C9CF3200EA2A1D /* Assets.xcassets */ = {isa = PBXFileReference; lastKnownFileType = folder.assetcatalog; path = Assets.xcassets; sourceTree = "<group>"; };
		01916D8C28C9CF3200EA2A1D /* Base */ = {isa = PBXFileReference; lastKnownFileType = file.storyboard; name = Base; path = Base.lproj/LaunchScreen.storyboard; sourceTree = "<group>"; };
		01916D8E28C9CF3200EA2A1D /* Info.plist */ = {isa = PBXFileReference; lastKnownFileType = text.plist.xml; path = Info.plist; sourceTree = "<group>"; };
		01916D9E28C9D91900EA2A1D /* NWDungeonsViewController.swift */ = {isa = PBXFileReference; lastKnownFileType = sourcecode.swift; path = NWDungeonsViewController.swift; sourceTree = "<group>"; };
		01916DA028C9E31E00EA2A1D /* DungeonsViewController.swift */ = {isa = PBXFileReference; lastKnownFileType = sourcecode.swift; path = DungeonsViewController.swift; sourceTree = "<group>"; };
		01916DA328C9E55B00EA2A1D /* DungeonModel.swift */ = {isa = PBXFileReference; lastKnownFileType = sourcecode.swift; path = DungeonModel.swift; sourceTree = "<group>"; };
		01DE749E28D86D24002CFEFE /* NWWeaponsViewController.swift */ = {isa = PBXFileReference; lastKnownFileType = sourcecode.swift; path = NWWeaponsViewController.swift; sourceTree = "<group>"; };
		01DE74A328D91410002CFEFE /* WeaponsViewController.swift */ = {isa = PBXFileReference; lastKnownFileType = sourcecode.swift; path = WeaponsViewController.swift; sourceTree = "<group>"; };
		01DE74A628D91651002CFEFE /* UIHelper.swift */ = {isa = PBXFileReference; lastKnownFileType = sourcecode.swift; path = UIHelper.swift; sourceTree = "<group>"; };
		01DE74A828D9D4FE002CFEFE /* NWPerksViewController.swift */ = {isa = PBXFileReference; lastKnownFileType = sourcecode.swift; path = NWPerksViewController.swift; sourceTree = "<group>"; };
		01DE74AA28D9D506002CFEFE /* NWGemsViewController.swift */ = {isa = PBXFileReference; lastKnownFileType = sourcecode.swift; path = NWGemsViewController.swift; sourceTree = "<group>"; };
		01DE74AC28D9D52C002CFEFE /* PerksViewController.swift */ = {isa = PBXFileReference; lastKnownFileType = sourcecode.swift; path = PerksViewController.swift; sourceTree = "<group>"; };
		01DE74AE28D9D534002CFEFE /* GemsViewController.swift */ = {isa = PBXFileReference; lastKnownFileType = sourcecode.swift; path = GemsViewController.swift; sourceTree = "<group>"; };
		01DE74B428D9F270002CFEFE /* WeaponsCollectionViewCell.swift */ = {isa = PBXFileReference; lastKnownFileType = sourcecode.swift; path = WeaponsCollectionViewCell.swift; sourceTree = "<group>"; };
		01DE74B628DB22E8002CFEFE /* DungeonsTableViewCell.swift */ = {isa = PBXFileReference; lastKnownFileType = sourcecode.swift; path = DungeonsTableViewCell.swift; sourceTree = "<group>"; };
		01DE74B828DDCCFF002CFEFE /* UIView+Ext.swift */ = {isa = PBXFileReference; lastKnownFileType = sourcecode.swift; path = "UIView+Ext.swift"; sourceTree = "<group>"; };
		01DE74BA28DDD44E002CFEFE /* PerksTableViewCell.swift */ = {isa = PBXFileReference; lastKnownFileType = sourcecode.swift; path = PerksTableViewCell.swift; sourceTree = "<group>"; };
		01DE74BC28E1CF0D002CFEFE /* GemsCollectionViewCell.swift */ = {isa = PBXFileReference; lastKnownFileType = sourcecode.swift; path = GemsCollectionViewCell.swift; sourceTree = "<group>"; };
		01DE74BE28E1CF77002CFEFE /* WeaponModel.swift */ = {isa = PBXFileReference; lastKnownFileType = sourcecode.swift; path = WeaponModel.swift; sourceTree = "<group>"; };
		01DE74C028E1CF80002CFEFE /* PerkModel.swift */ = {isa = PBXFileReference; lastKnownFileType = sourcecode.swift; path = PerkModel.swift; sourceTree = "<group>"; };
		01DE74C228E1CF88002CFEFE /* GemModel.swift */ = {isa = PBXFileReference; lastKnownFileType = sourcecode.swift; path = GemModel.swift; sourceTree = "<group>"; };
		01DE74C728E1E17A002CFEFE /* Constants.swift */ = {isa = PBXFileReference; lastKnownFileType = sourcecode.swift; path = Constants.swift; sourceTree = "<group>"; };
		01DE74C928E43C99002CFEFE /* UICollectionViewCell+Ext.swift */ = {isa = PBXFileReference; lastKnownFileType = sourcecode.swift; path = "UICollectionViewCell+Ext.swift"; sourceTree = "<group>"; };
/* End PBXFileReference section */

/* Begin PBXFrameworksBuildPhase section */
		01916D7A28C9CF3000EA2A1D /* Frameworks */ = {
			isa = PBXFrameworksBuildPhase;
			buildActionMask = 2147483647;
			files = (
			);
			runOnlyForDeploymentPostprocessing = 0;
		};
/* End PBXFrameworksBuildPhase section */

/* Begin PBXGroup section */
		01916D7428C9CF3000EA2A1D = {
			isa = PBXGroup;
			children = (
				01916D7F28C9CF3000EA2A1D /* NewWorld-Guide-App */,
				01916D7E28C9CF3000EA2A1D /* Products */,
			);
			sourceTree = "<group>";
		};
		01916D7E28C9CF3000EA2A1D /* Products */ = {
			isa = PBXGroup;
			children = (
				01916D7D28C9CF3000EA2A1D /* NewWorld-Guide-App.app */,
			);
			name = Products;
			sourceTree = "<group>";
		};
		01916D7F28C9CF3000EA2A1D /* NewWorld-Guide-App */ = {
			isa = PBXGroup;
			children = (
				01DE74C628E1E0ED002CFEFE /* Extension */,
				01DE74A528D91643002CFEFE /* Utilities */,
				01DE74A228D91277002CFEFE /* Screens */,
				01916D9828C9D50200EA2A1D /* Custom Views */,
				01DE74A128D9125B002CFEFE /* Models */,
				01916D9428C9D13400EA2A1D /* Supporting Files */,
				01916D8E28C9CF3200EA2A1D /* Info.plist */,
			);
			path = "NewWorld-Guide-App";
			sourceTree = "<group>";
		};
		01916D9428C9D13400EA2A1D /* Supporting Files */ = {
			isa = PBXGroup;
			children = (
				01916D8028C9CF3000EA2A1D /* AppDelegate.swift */,
				01916D8228C9CF3000EA2A1D /* SceneDelegate.swift */,
				01916D8928C9CF3200EA2A1D /* Assets.xcassets */,
				01916D8B28C9CF3200EA2A1D /* LaunchScreen.storyboard */,
			);
			path = "Supporting Files";
			sourceTree = "<group>";
		};
		01916D9828C9D50200EA2A1D /* Custom Views */ = {
			isa = PBXGroup;
			children = (
				01DE74B328D9F24D002CFEFE /* Cells */,
				01916D9C28C9D8F700EA2A1D /* ViewControllers */,
			);
			path = "Custom Views";
			sourceTree = "<group>";
		};
		01916D9C28C9D8F700EA2A1D /* ViewControllers */ = {
			isa = PBXGroup;
			children = (
				01DE74A028D90E32002CFEFE /* MainInfoViewControllers */,
			);
			path = ViewControllers;
			sourceTree = "<group>";
		};
		01DE74A028D90E32002CFEFE /* MainInfoViewControllers */ = {
			isa = PBXGroup;
			children = (
				01DE749E28D86D24002CFEFE /* NWWeaponsViewController.swift */,
				01916D9E28C9D91900EA2A1D /* NWDungeonsViewController.swift */,
				01DE74A828D9D4FE002CFEFE /* NWPerksViewController.swift */,
				01DE74AA28D9D506002CFEFE /* NWGemsViewController.swift */,
			);
			path = MainInfoViewControllers;
			sourceTree = "<group>";
		};
		01DE74A128D9125B002CFEFE /* Models */ = {
			isa = PBXGroup;
			children = (
				01DE74BE28E1CF77002CFEFE /* WeaponModel.swift */,
				01916DA328C9E55B00EA2A1D /* DungeonModel.swift */,
				01DE74C028E1CF80002CFEFE /* PerkModel.swift */,
				01DE74C228E1CF88002CFEFE /* GemModel.swift */,
			);
			path = Models;
			sourceTree = "<group>";
		};
		01DE74A228D91277002CFEFE /* Screens */ = {
			isa = PBXGroup;
			children = (
				01916D8428C9CF3000EA2A1D /* MainViewController.swift */,
				01DE74A328D91410002CFEFE /* WeaponsViewController.swift */,
				01916DA028C9E31E00EA2A1D /* DungeonsViewController.swift */,
				01DE74AC28D9D52C002CFEFE /* PerksViewController.swift */,
				01DE74AE28D9D534002CFEFE /* GemsViewController.swift */,
			);
			path = Screens;
			sourceTree = "<group>";
		};
		01DE74A528D91643002CFEFE /* Utilities */ = {
			isa = PBXGroup;
			children = (
				01DE74A628D91651002CFEFE /* UIHelper.swift */,
				01DE74C728E1E17A002CFEFE /* Constants.swift */,
			);
			path = Utilities;
			sourceTree = "<group>";
		};
		01DE74B328D9F24D002CFEFE /* Cells */ = {
			isa = PBXGroup;
			children = (
				01DE74B428D9F270002CFEFE /* WeaponsCollectionViewCell.swift */,
				01DE74B628DB22E8002CFEFE /* DungeonsTableViewCell.swift */,
				01DE74BA28DDD44E002CFEFE /* PerksTableViewCell.swift */,
				01DE74BC28E1CF0D002CFEFE /* GemsCollectionViewCell.swift */,
			);
			path = Cells;
			sourceTree = "<group>";
		};
		01DE74C628E1E0ED002CFEFE /* Extension */ = {
			isa = PBXGroup;
			children = (
				01DE74B828DDCCFF002CFEFE /* UIView+Ext.swift */,
				01DE74C928E43C99002CFEFE /* UICollectionViewCell+Ext.swift */,
			);
			path = Extension;
			sourceTree = "<group>";
		};
/* End PBXGroup section */

/* Begin PBXNativeTarget section */
		01916D7C28C9CF3000EA2A1D /* NewWorld-Guide-App */ = {
			isa = PBXNativeTarget;
			buildConfigurationList = 01916D9128C9CF3200EA2A1D /* Build configuration list for PBXNativeTarget "NewWorld-Guide-App" */;
			buildPhases = (
				01916D7928C9CF3000EA2A1D /* Sources */,
				01916D7A28C9CF3000EA2A1D /* Frameworks */,
				01916D7B28C9CF3000EA2A1D /* Resources */,
			);
			buildRules = (
			);
			dependencies = (
			);
			name = "NewWorld-Guide-App";
			productName = "NewWorld-Guide-App";
			productReference = 01916D7D28C9CF3000EA2A1D /* NewWorld-Guide-App.app */;
			productType = "com.apple.product-type.application";
		};
/* End PBXNativeTarget section */

/* Begin PBXProject section */
		01916D7528C9CF3000EA2A1D /* Project object */ = {
			isa = PBXProject;
			attributes = {
				BuildIndependentTargetsInParallel = 1;
				LastSwiftUpdateCheck = 1340;
				LastUpgradeCheck = 1340;
				TargetAttributes = {
					01916D7C28C9CF3000EA2A1D = {
						CreatedOnToolsVersion = 13.4.1;
					};
				};
			};
			buildConfigurationList = 01916D7828C9CF3000EA2A1D /* Build configuration list for PBXProject "NewWorld-Guide-App" */;
			compatibilityVersion = "Xcode 13.0";
			developmentRegion = en;
			hasScannedForEncodings = 0;
			knownRegions = (
				en,
				Base,
			);
			mainGroup = 01916D7428C9CF3000EA2A1D;
			productRefGroup = 01916D7E28C9CF3000EA2A1D /* Products */;
			projectDirPath = "";
			projectRoot = "";
			targets = (
				01916D7C28C9CF3000EA2A1D /* NewWorld-Guide-App */,
			);
		};
/* End PBXProject section */

/* Begin PBXResourcesBuildPhase section */
		01916D7B28C9CF3000EA2A1D /* Resources */ = {
			isa = PBXResourcesBuildPhase;
			buildActionMask = 2147483647;
			files = (
				01916D8D28C9CF3200EA2A1D /* LaunchScreen.storyboard in Resources */,
				01916D8A28C9CF3200EA2A1D /* Assets.xcassets in Resources */,
			);
			runOnlyForDeploymentPostprocessing = 0;
		};
/* End PBXResourcesBuildPhase section */

/* Begin PBXSourcesBuildPhase section */
		01916D7928C9CF3000EA2A1D /* Sources */ = {
			isa = PBXSourcesBuildPhase;
			buildActionMask = 2147483647;
			files = (
				01916D8528C9CF3000EA2A1D /* MainViewController.swift in Sources */,
				01DE74C828E1E17A002CFEFE /* Constants.swift in Sources */,
				01DE74B728DB22E8002CFEFE /* DungeonsTableViewCell.swift in Sources */,
				01DE74AB28D9D506002CFEFE /* NWGemsViewController.swift in Sources */,
				01916D9F28C9D91900EA2A1D /* NWDungeonsViewController.swift in Sources */,
				01DE74A428D91410002CFEFE /* WeaponsViewController.swift in Sources */,
				01DE749F28D86D24002CFEFE /* NWWeaponsViewController.swift in Sources */,
				01916D8128C9CF3000EA2A1D /* AppDelegate.swift in Sources */,
				01DE74BB28DDD44E002CFEFE /* PerksTableViewCell.swift in Sources */,
				01DE74CA28E43C99002CFEFE /* UICollectionViewCell+Ext.swift in Sources */,
				01DE74A728D91651002CFEFE /* UIHelper.swift in Sources */,
				01DE74C128E1CF80002CFEFE /* PerkModel.swift in Sources */,
				01916DA428C9E55B00EA2A1D /* DungeonModel.swift in Sources */,
				01DE74AF28D9D534002CFEFE /* GemsViewController.swift in Sources */,
				01DE74AD28D9D52C002CFEFE /* PerksViewController.swift in Sources */,
				01DE74BD28E1CF0D002CFEFE /* GemsCollectionViewCell.swift in Sources */,
				01DE74B928DDCCFF002CFEFE /* UIView+Ext.swift in Sources */,
				01DE74B528D9F270002CFEFE /* WeaponsCollectionViewCell.swift in Sources */,
				01DE74C328E1CF88002CFEFE /* GemModel.swift in Sources */,
				01916D8328C9CF3000EA2A1D /* SceneDelegate.swift in Sources */,
				01916DA128C9E31E00EA2A1D /* DungeonsViewController.swift in Sources */,
				01DE74A928D9D4FE002CFEFE /* NWPerksViewController.swift in Sources */,
				01DE74BF28E1CF77002CFEFE /* WeaponModel.swift in Sources */,
			);
			runOnlyForDeploymentPostprocessing = 0;
		};
/* End PBXSourcesBuildPhase section */

/* Begin PBXVariantGroup section */
		01916D8B28C9CF3200EA2A1D /* LaunchScreen.storyboard */ = {
			isa = PBXVariantGroup;
			children = (
				01916D8C28C9CF3200EA2A1D /* Base */,
			);
			name = LaunchScreen.storyboard;
			sourceTree = "<group>";
		};
/* End PBXVariantGroup section */

/* Begin XCBuildConfiguration section */
		01916D8F28C9CF3200EA2A1D /* Debug */ = {
			isa = XCBuildConfiguration;
			buildSettings = {
				ALWAYS_SEARCH_USER_PATHS = NO;
				CLANG_ANALYZER_NONNULL = YES;
				CLANG_ANALYZER_NUMBER_OBJECT_CONVERSION = YES_AGGRESSIVE;
				CLANG_CXX_LANGUAGE_STANDARD = "gnu++17";
				CLANG_ENABLE_MODULES = YES;
				CLANG_ENABLE_OBJC_ARC = YES;
				CLANG_ENABLE_OBJC_WEAK = YES;
				CLANG_WARN_BLOCK_CAPTURE_AUTORELEASING = YES;
				CLANG_WARN_BOOL_CONVERSION = YES;
				CLANG_WARN_COMMA = YES;
				CLANG_WARN_CONSTANT_CONVERSION = YES;
				CLANG_WARN_DEPRECATED_OBJC_IMPLEMENTATIONS = YES;
				CLANG_WARN_DIRECT_OBJC_ISA_USAGE = YES_ERROR;
				CLANG_WARN_DOCUMENTATION_COMMENTS = YES;
				CLANG_WARN_EMPTY_BODY = YES;
				CLANG_WARN_ENUM_CONVERSION = YES;
				CLANG_WARN_INFINITE_RECURSION = YES;
				CLANG_WARN_INT_CONVERSION = YES;
				CLANG_WARN_NON_LITERAL_NULL_CONVERSION = YES;
				CLANG_WARN_OBJC_IMPLICIT_RETAIN_SELF = YES;
				CLANG_WARN_OBJC_LITERAL_CONVERSION = YES;
				CLANG_WARN_OBJC_ROOT_CLASS = YES_ERROR;
				CLANG_WARN_QUOTED_INCLUDE_IN_FRAMEWORK_HEADER = YES;
				CLANG_WARN_RANGE_LOOP_ANALYSIS = YES;
				CLANG_WARN_STRICT_PROTOTYPES = YES;
				CLANG_WARN_SUSPICIOUS_MOVE = YES;
				CLANG_WARN_UNGUARDED_AVAILABILITY = YES_AGGRESSIVE;
				CLANG_WARN_UNREACHABLE_CODE = YES;
				CLANG_WARN__DUPLICATE_METHOD_MATCH = YES;
				COPY_PHASE_STRIP = NO;
				DEBUG_INFORMATION_FORMAT = dwarf;
				ENABLE_STRICT_OBJC_MSGSEND = YES;
				ENABLE_TESTABILITY = YES;
				GCC_C_LANGUAGE_STANDARD = gnu11;
				GCC_DYNAMIC_NO_PIC = NO;
				GCC_NO_COMMON_BLOCKS = YES;
				GCC_OPTIMIZATION_LEVEL = 0;
				GCC_PREPROCESSOR_DEFINITIONS = (
					"DEBUG=1",
					"$(inherited)",
				);
				GCC_WARN_64_TO_32_BIT_CONVERSION = YES;
				GCC_WARN_ABOUT_RETURN_TYPE = YES_ERROR;
				GCC_WARN_UNDECLARED_SELECTOR = YES;
				GCC_WARN_UNINITIALIZED_AUTOS = YES_AGGRESSIVE;
				GCC_WARN_UNUSED_FUNCTION = YES;
				GCC_WARN_UNUSED_VARIABLE = YES;
				IPHONEOS_DEPLOYMENT_TARGET = 15.5;
				MTL_ENABLE_DEBUG_INFO = INCLUDE_SOURCE;
				MTL_FAST_MATH = YES;
				ONLY_ACTIVE_ARCH = YES;
				SDKROOT = iphoneos;
				SWIFT_ACTIVE_COMPILATION_CONDITIONS = DEBUG;
				SWIFT_OPTIMIZATION_LEVEL = "-Onone";
			};
			name = Debug;
		};
		01916D9028C9CF3200EA2A1D /* Release */ = {
			isa = XCBuildConfiguration;
			buildSettings = {
				ALWAYS_SEARCH_USER_PATHS = NO;
				CLANG_ANALYZER_NONNULL = YES;
				CLANG_ANALYZER_NUMBER_OBJECT_CONVERSION = YES_AGGRESSIVE;
				CLANG_CXX_LANGUAGE_STANDARD = "gnu++17";
				CLANG_ENABLE_MODULES = YES;
				CLANG_ENABLE_OBJC_ARC = YES;
				CLANG_ENABLE_OBJC_WEAK = YES;
				CLANG_WARN_BLOCK_CAPTURE_AUTORELEASING = YES;
				CLANG_WARN_BOOL_CONVERSION = YES;
				CLANG_WARN_COMMA = YES;
				CLANG_WARN_CONSTANT_CONVERSION = YES;
				CLANG_WARN_DEPRECATED_OBJC_IMPLEMENTATIONS = YES;
				CLANG_WARN_DIRECT_OBJC_ISA_USAGE = YES_ERROR;
				CLANG_WARN_DOCUMENTATION_COMMENTS = YES;
				CLANG_WARN_EMPTY_BODY = YES;
				CLANG_WARN_ENUM_CONVERSION = YES;
				CLANG_WARN_INFINITE_RECURSION = YES;
				CLANG_WARN_INT_CONVERSION = YES;
				CLANG_WARN_NON_LITERAL_NULL_CONVERSION = YES;
				CLANG_WARN_OBJC_IMPLICIT_RETAIN_SELF = YES;
				CLANG_WARN_OBJC_LITERAL_CONVERSION = YES;
				CLANG_WARN_OBJC_ROOT_CLASS = YES_ERROR;
				CLANG_WARN_QUOTED_INCLUDE_IN_FRAMEWORK_HEADER = YES;
				CLANG_WARN_RANGE_LOOP_ANALYSIS = YES;
				CLANG_WARN_STRICT_PROTOTYPES = YES;
				CLANG_WARN_SUSPICIOUS_MOVE = YES;
				CLANG_WARN_UNGUARDED_AVAILABILITY = YES_AGGRESSIVE;
				CLANG_WARN_UNREACHABLE_CODE = YES;
				CLANG_WARN__DUPLICATE_METHOD_MATCH = YES;
				COPY_PHASE_STRIP = NO;
				DEBUG_INFORMATION_FORMAT = "dwarf-with-dsym";
				ENABLE_NS_ASSERTIONS = NO;
				ENABLE_STRICT_OBJC_MSGSEND = YES;
				GCC_C_LANGUAGE_STANDARD = gnu11;
				GCC_NO_COMMON_BLOCKS = YES;
				GCC_WARN_64_TO_32_BIT_CONVERSION = YES;
				GCC_WARN_ABOUT_RETURN_TYPE = YES_ERROR;
				GCC_WARN_UNDECLARED_SELECTOR = YES;
				GCC_WARN_UNINITIALIZED_AUTOS = YES_AGGRESSIVE;
				GCC_WARN_UNUSED_FUNCTION = YES;
				GCC_WARN_UNUSED_VARIABLE = YES;
				IPHONEOS_DEPLOYMENT_TARGET = 15.5;
				MTL_ENABLE_DEBUG_INFO = NO;
				MTL_FAST_MATH = YES;
				SDKROOT = iphoneos;
				SWIFT_COMPILATION_MODE = wholemodule;
				SWIFT_OPTIMIZATION_LEVEL = "-O";
				VALIDATE_PRODUCT = YES;
			};
			name = Release;
		};
		01916D9228C9CF3200EA2A1D /* Debug */ = {
			isa = XCBuildConfiguration;
			buildSettings = {
				ASSETCATALOG_COMPILER_APPICON_NAME = AppIcon;
				ASSETCATALOG_COMPILER_GLOBAL_ACCENT_COLOR_NAME = AccentColor;
				CODE_SIGN_STYLE = Automatic;
				CURRENT_PROJECT_VERSION = 1;
				DEVELOPMENT_TEAM = XSY7H53P5K;
				GENERATE_INFOPLIST_FILE = YES;
				INFOPLIST_FILE = "NewWorld-Guide-App/Info.plist";
				INFOPLIST_KEY_UIApplicationSupportsIndirectInputEvents = YES;
				INFOPLIST_KEY_UILaunchStoryboardName = LaunchScreen;
				INFOPLIST_KEY_UISupportedInterfaceOrientations_iPad = "UIInterfaceOrientationPortrait UIInterfaceOrientationPortraitUpsideDown UIInterfaceOrientationLandscapeLeft UIInterfaceOrientationLandscapeRight";
				INFOPLIST_KEY_UISupportedInterfaceOrientations_iPhone = "UIInterfaceOrientationPortrait UIInterfaceOrientationLandscapeLeft UIInterfaceOrientationLandscapeRight";
				LD_RUNPATH_SEARCH_PATHS = (
					"$(inherited)",
					"@executable_path/Frameworks",
				);
				MARKETING_VERSION = 1.0;
				PRODUCT_BUNDLE_IDENTIFIER = "CanerCagri.NewWorld-Guide-App";
				PRODUCT_NAME = "$(TARGET_NAME)";
				SWIFT_EMIT_LOC_STRINGS = YES;
				SWIFT_VERSION = 5.0;
				TARGETED_DEVICE_FAMILY = "1,2";
			};
			name = Debug;
		};
		01916D9328C9CF3200EA2A1D /* Release */ = {
			isa = XCBuildConfiguration;
			buildSettings = {
				ASSETCATALOG_COMPILER_APPICON_NAME = AppIcon;
				ASSETCATALOG_COMPILER_GLOBAL_ACCENT_COLOR_NAME = AccentColor;
				CODE_SIGN_STYLE = Automatic;
				CURRENT_PROJECT_VERSION = 1;
				DEVELOPMENT_TEAM = XSY7H53P5K;
				GENERATE_INFOPLIST_FILE = YES;
				INFOPLIST_FILE = "NewWorld-Guide-App/Info.plist";
				INFOPLIST_KEY_UIApplicationSupportsIndirectInputEvents = YES;
				INFOPLIST_KEY_UILaunchStoryboardName = LaunchScreen;
				INFOPLIST_KEY_UISupportedInterfaceOrientations_iPad = "UIInterfaceOrientationPortrait UIInterfaceOrientationPortraitUpsideDown UIInterfaceOrientationLandscapeLeft UIInterfaceOrientationLandscapeRight";
				INFOPLIST_KEY_UISupportedInterfaceOrientations_iPhone = "UIInterfaceOrientationPortrait UIInterfaceOrientationLandscapeLeft UIInterfaceOrientationLandscapeRight";
				LD_RUNPATH_SEARCH_PATHS = (
					"$(inherited)",
					"@executable_path/Frameworks",
				);
				MARKETING_VERSION = 1.0;
				PRODUCT_BUNDLE_IDENTIFIER = "CanerCagri.NewWorld-Guide-App";
				PRODUCT_NAME = "$(TARGET_NAME)";
				SWIFT_EMIT_LOC_STRINGS = YES;
				SWIFT_VERSION = 5.0;
				TARGETED_DEVICE_FAMILY = "1,2";
			};
			name = Release;
		};
/* End XCBuildConfiguration section */

/* Begin XCConfigurationList section */
		01916D7828C9CF3000EA2A1D /* Build configuration list for PBXProject "NewWorld-Guide-App" */ = {
			isa = XCConfigurationList;
			buildConfigurations = (
				01916D8F28C9CF3200EA2A1D /* Debug */,
				01916D9028C9CF3200EA2A1D /* Release */,
			);
			defaultConfigurationIsVisible = 0;
			defaultConfigurationName = Release;
		};
		01916D9128C9CF3200EA2A1D /* Build configuration list for PBXNativeTarget "NewWorld-Guide-App" */ = {
			isa = XCConfigurationList;
			buildConfigurations = (
				01916D9228C9CF3200EA2A1D /* Debug */,
				01916D9328C9CF3200EA2A1D /* Release */,
			);
			defaultConfigurationIsVisible = 0;
			defaultConfigurationName = Release;
		};
/* End XCConfigurationList section */
	};
	rootObject = 01916D7528C9CF3000EA2A1D /* Project object */;
}
